
Microsoft Visual Studio Solution File, Format Version 12.00
# Visual Studio Version 17
VisualStudioVersion = 17.4.33213.308
MinimumVisualStudioVersion = 10.0.40219.1
Project("{FAE04EC0-301F-11D3-BF4B-00C04F79EFBC}") = "Task_2", "Task_2\Task_2.csproj", "{AC865F1A-2BD6-4599-ABF2-53548CBA6D72}"
EndProject
Global
	GlobalSection(SolutionConfigurationPlatforms) = preSolution
		Debug|Any CPU = Debug|Any CPU
		Release|Any CPU = Release|Any CPU
	EndGlobalSection
	GlobalSection(ProjectConfigurationPlatforms) = postSolution
		{AC865F1A-2BD6-4599-ABF2-53548CBA6D72}.Debug|Any CPU.ActiveCfg = Debug|Any CPU
		{AC865F1A-2BD6-4599-ABF2-53548CBA6D72}.Debug|Any CPU.Build.0 = Debug|Any CPU
		{AC865F1A-2BD6-4599-ABF2-53548CBA6D72}.Release|Any CPU.ActiveCfg = Release|Any CPU
		{AC865F1A-2BD6-4599-ABF2-53548CBA6D72}.Release|Any CPU.Build.0 = Release|Any CPU
	EndGlobalSection
	GlobalSection(SolutionProperties) = preSolution
		HideSolutionNode = FALSE
	EndGlobalSection
	GlobalSection(ExtensibilityGlobals) = postSolution
		SolutionGuid = {C4D9870C-0B98-4636-80C1-CBB1FB3FDE51}
	EndGlobalSection
EndGlobal
