
Microsoft Visual Studio Solution File, Format Version 12.00
# Visual Studio Version 17
VisualStudioVersion = 17.4.33213.308
MinimumVisualStudioVersion = 10.0.40219.1
Project("{FAE04EC0-301F-11D3-BF4B-00C04F79EFBC}") = "Task_3", "Task_3\Task_3.csproj", "{AAD77DA9-6AB2-46DF-BE53-2CA8F93B7EFA}"
EndProject
Global
	GlobalSection(SolutionConfigurationPlatforms) = preSolution
		Debug|Any CPU = Debug|Any CPU
		Release|Any CPU = Release|Any CPU
	EndGlobalSection
	GlobalSection(ProjectConfigurationPlatforms) = postSolution
		{AAD77DA9-6AB2-46DF-BE53-2CA8F93B7EFA}.Debug|Any CPU.ActiveCfg = Debug|Any CPU
		{AAD77DA9-6AB2-46DF-BE53-2CA8F93B7EFA}.Debug|Any CPU.Build.0 = Debug|Any CPU
		{AAD77DA9-6AB2-46DF-BE53-2CA8F93B7EFA}.Release|Any CPU.ActiveCfg = Release|Any CPU
		{AAD77DA9-6AB2-46DF-BE53-2CA8F93B7EFA}.Release|Any CPU.Build.0 = Release|Any CPU
	EndGlobalSection
	GlobalSection(SolutionProperties) = preSolution
		HideSolutionNode = FALSE
	EndGlobalSection
	GlobalSection(ExtensibilityGlobals) = postSolution
		SolutionGuid = {32B1DB9A-E220-4101-AD3A-625F574CAFC3}
	EndGlobalSection
EndGlobal
